
Microsoft Visual Studio Solution File, Format Version 12.00
# Visual Studio for Mac
Project("{FAE04EC0-301F-11D3-BF4B-00C04F79EFBC}") = "UnityPromiseDemo.Plugins", "UnityPromiseDemo.Plugins.csproj", "{9CEC7877-1855-D6B7-4014-6D9ECD63AF26}"
EndProject
Project("{FAE04EC0-301F-11D3-BF4B-00C04F79EFBC}") = "UnityPromiseDemo", "UnityPromiseDemo.csproj", "{66FE3481-9363-0F54-57A3-30C639830B93}"
EndProject
Project("{FAE04EC0-301F-11D3-BF4B-00C04F79EFBC}") = "UnityPromiseDemo.Editor", "UnityPromiseDemo.Editor.csproj", "{8B91205E-F0F2-CB98-D6A4-3118B404C0EC}"
EndProject
Project("{FAE04EC0-301F-11D3-BF4B-00C04F79EFBC}") = "UnityPromiseDemo.Editor.Plugins", "UnityPromiseDemo.Editor.Plugins.csproj", "{F7E85AF1-B4E8-C95F-2979-F422ECA5898F}"
EndProject
Global
	GlobalSection(SolutionConfigurationPlatforms) = preSolution
		Debug|Any CPU = Debug|Any CPU
		Release|Any CPU = Release|Any CPU
	EndGlobalSection
	GlobalSection(ProjectConfigurationPlatforms) = postSolution
		{9CEC7877-1855-D6B7-4014-6D9ECD63AF26}.Debug|Any CPU.ActiveCfg = Debug|Any CPU
		{9CEC7877-1855-D6B7-4014-6D9ECD63AF26}.Debug|Any CPU.Build.0 = Debug|Any CPU
		{9CEC7877-1855-D6B7-4014-6D9ECD63AF26}.Release|Any CPU.ActiveCfg = Release|Any CPU
		{9CEC7877-1855-D6B7-4014-6D9ECD63AF26}.Release|Any CPU.Build.0 = Release|Any CPU
		{66FE3481-9363-0F54-57A3-30C639830B93}.Debug|Any CPU.ActiveCfg = Debug|Any CPU
		{66FE3481-9363-0F54-57A3-30C639830B93}.Debug|Any CPU.Build.0 = Debug|Any CPU
		{66FE3481-9363-0F54-57A3-30C639830B93}.Release|Any CPU.ActiveCfg = Release|Any CPU
		{66FE3481-9363-0F54-57A3-30C639830B93}.Release|Any CPU.Build.0 = Release|Any CPU
		{8B91205E-F0F2-CB98-D6A4-3118B404C0EC}.Debug|Any CPU.ActiveCfg = Debug|Any CPU
		{8B91205E-F0F2-CB98-D6A4-3118B404C0EC}.Debug|Any CPU.Build.0 = Debug|Any CPU
		{8B91205E-F0F2-CB98-D6A4-3118B404C0EC}.Release|Any CPU.ActiveCfg = Release|Any CPU
		{8B91205E-F0F2-CB98-D6A4-3118B404C0EC}.Release|Any CPU.Build.0 = Release|Any CPU
		{F7E85AF1-B4E8-C95F-2979-F422ECA5898F}.Debug|Any CPU.ActiveCfg = Debug|Any CPU
		{F7E85AF1-B4E8-C95F-2979-F422ECA5898F}.Debug|Any CPU.Build.0 = Debug|Any CPU
		{F7E85AF1-B4E8-C95F-2979-F422ECA5898F}.Release|Any CPU.ActiveCfg = Release|Any CPU
		{F7E85AF1-B4E8-C95F-2979-F422ECA5898F}.Release|Any CPU.Build.0 = Release|Any CPU
	EndGlobalSection
	GlobalSection(SolutionProperties) = preSolution
		HideSolutionNode = FALSE
	EndGlobalSection
EndGlobal
